
Microsoft Visual Studio Solution File, Format Version 12.00
# Visual Studio 15
VisualStudioVersion = 15.0.28307.902
MinimumVisualStudioVersion = 10.0.40219.1
Project("{888888A0-9F3D-457C-B088-3A5042F75D52}") = "ToEE.Python.Builtin", "ToEE.Python.Builtin.pyproj", "{EBD191C8-742B-4034-BDAB-8C7FE4BDB1B9}"
EndProject
Global
	GlobalSection(SolutionConfigurationPlatforms) = preSolution
		Debug|Any CPU = Debug|Any CPU
		Release|Any CPU = Release|Any CPU
	EndGlobalSection
	GlobalSection(ProjectConfigurationPlatforms) = postSolution
		{EBD191C8-742B-4034-BDAB-8C7FE4BDB1B9}.Debug|Any CPU.ActiveCfg = Debug|Any CPU
		{EBD191C8-742B-4034-BDAB-8C7FE4BDB1B9}.Debug|Any CPU.Build.0 = Debug|Any CPU
		{EBD191C8-742B-4034-BDAB-8C7FE4BDB1B9}.Release|Any CPU.ActiveCfg = Release|Any CPU
		{EBD191C8-742B-4034-BDAB-8C7FE4BDB1B9}.Release|Any CPU.Build.0 = Release|Any CPU
	EndGlobalSection
	GlobalSection(SolutionProperties) = preSolution
		HideSolutionNode = FALSE
	EndGlobalSection
	GlobalSection(ExtensibilityGlobals) = postSolution
		SolutionGuid = {4C3AD455-5274-4080-927B-CAFD9F4742EF}
	EndGlobalSection
EndGlobal
